// !$*UTF8*$!
{
	archiveVersion = 1;
	classes = {
	};
	objectVersion = 50;
	objects = {

/* Begin PBXBuildFile section */
		A88058B02276D0B200929FE4 /* AppDelegate.swift in Sources */ = {isa = PBXBuildFile; fileRef = A88058AF2276D0B200929FE4 /* AppDelegate.swift */; };
		A88058B52276D0B200929FE4 /* Main.storyboard in Resources */ = {isa = PBXBuildFile; fileRef = A88058B32276D0B200929FE4 /* Main.storyboard */; };
		A88058B72276D0B900929FE4 /* Assets.xcassets in Resources */ = {isa = PBXBuildFile; fileRef = A88058B62276D0B900929FE4 /* Assets.xcassets */; };
		A88058BA2276D0B900929FE4 /* LaunchScreen.storyboard in Resources */ = {isa = PBXBuildFile; fileRef = A88058B82276D0B900929FE4 /* LaunchScreen.storyboard */; };
		A88058C52276D0B900929FE4 /* UITableViewSample01_UITableViewRowActionTests.swift in Sources */ = {isa = PBXBuildFile; fileRef = A88058C42276D0B900929FE4 /* UITableViewSample01_UITableViewRowActionTests.swift */; };
		A88058D02276D0B900929FE4 /* UITableViewSample01_UITableViewRowActionUITests.swift in Sources */ = {isa = PBXBuildFile; fileRef = A88058CF2276D0B900929FE4 /* UITableViewSample01_UITableViewRowActionUITests.swift */; };
		A88058DF2276D22A00929FE4 /* MainTabBarController.swift in Sources */ = {isa = PBXBuildFile; fileRef = A88058DE2276D22A00929FE4 /* MainTabBarController.swift */; };
		A88058E32276DA1500929FE4 /* ListViewController.swift in Sources */ = {isa = PBXBuildFile; fileRef = A88058E22276DA1500929FE4 /* ListViewController.swift */; };
		A88058E52276DA2100929FE4 /* ConfigViewController.swift in Sources */ = {isa = PBXBuildFile; fileRef = A88058E42276DA2100929FE4 /* ConfigViewController.swift */; };
		A88058E92276DE6B00929FE4 /* CustomTableViewCell.swift in Sources */ = {isa = PBXBuildFile; fileRef = A88058E72276DE6B00929FE4 /* CustomTableViewCell.swift */; };
		A88058EA2276DE6B00929FE4 /* CustomTableViewCell.xib in Resources */ = {isa = PBXBuildFile; fileRef = A88058E82276DE6B00929FE4 /* CustomTableViewCell.xib */; };
		A88058ED2276F12500929FE4 /* Line.swift in Sources */ = {isa = PBXBuildFile; fileRef = A88058EC2276F12500929FE4 /* Line.swift */; };
		A88058EF2276F3E600929FE4 /* InfoViewController.swift in Sources */ = {isa = PBXBuildFile; fileRef = A88058EE2276F3E600929FE4 /* InfoViewController.swift */; };
/* End PBXBuildFile section */

/* Begin PBXContainerItemProxy section */
		A88058C12276D0B900929FE4 /* PBXContainerItemProxy */ = {
			isa = PBXContainerItemProxy;
			containerPortal = A88058A42276D0B200929FE4 /* Project object */;
			proxyType = 1;
			remoteGlobalIDString = A88058AB2276D0B200929FE4;
			remoteInfo = UITableViewSample01_UITableViewRowAction;
		};
		A88058CC2276D0B900929FE4 /* PBXContainerItemProxy */ = {
			isa = PBXContainerItemProxy;
			containerPortal = A88058A42276D0B200929FE4 /* Project object */;
			proxyType = 1;
			remoteGlobalIDString = A88058AB2276D0B200929FE4;
			remoteInfo = UITableViewSample01_UITableViewRowAction;
		};
/* End PBXContainerItemProxy section */

/* Begin PBXFileReference section */
		A88058AC2276D0B200929FE4 /* UITableViewSample01_UITableViewRowAction.app */ = {isa = PBXFileReference; explicitFileType = wrapper.application; includeInIndex = 0; path = UITableViewSample01_UITableViewRowAction.app; sourceTree = BUILT_PRODUCTS_DIR; };
		A88058AF2276D0B200929FE4 /* AppDelegate.swift */ = {isa = PBXFileReference; lastKnownFileType = sourcecode.swift; path = AppDelegate.swift; sourceTree = "<group>"; };
		A88058B42276D0B200929FE4 /* Base */ = {isa = PBXFileReference; lastKnownFileType = file.storyboard; name = Base; path = Base.lproj/Main.storyboard; sourceTree = "<group>"; };
		A88058B62276D0B900929FE4 /* Assets.xcassets */ = {isa = PBXFileReference; lastKnownFileType = folder.assetcatalog; path = Assets.xcassets; sourceTree = "<group>"; };
		A88058B92276D0B900929FE4 /* Base */ = {isa = PBXFileReference; lastKnownFileType = file.storyboard; name = Base; path = Base.lproj/LaunchScreen.storyboard; sourceTree = "<group>"; };
		A88058BB2276D0B900929FE4 /* Info.plist */ = {isa = PBXFileReference; lastKnownFileType = text.plist.xml; path = Info.plist; sourceTree = "<group>"; };
		A88058C02276D0B900929FE4 /* UITableViewSample01_UITableViewRowActionTests.xctest */ = {isa = PBXFileReference; explicitFileType = wrapper.cfbundle; includeInIndex = 0; path = UITableViewSample01_UITableViewRowActionTests.xctest; sourceTree = BUILT_PRODUCTS_DIR; };
		A88058C42276D0B900929FE4 /* UITableViewSample01_UITableViewRowActionTests.swift */ = {isa = PBXFileReference; lastKnownFileType = sourcecode.swift; path = UITableViewSample01_UITableViewRowActionTests.swift; sourceTree = "<group>"; };
		A88058C62276D0B900929FE4 /* Info.plist */ = {isa = PBXFileReference; lastKnownFileType = text.plist.xml; path = Info.plist; sourceTree = "<group>"; };
		A88058CB2276D0B900929FE4 /* UITableViewSample01_UITableViewRowActionUITests.xctest */ = {isa = PBXFileReference; explicitFileType = wrapper.cfbundle; includeInIndex = 0; path = UITableViewSample01_UITableViewRowActionUITests.xctest; sourceTree = BUILT_PRODUCTS_DIR; };
		A88058CF2276D0B900929FE4 /* UITableViewSample01_UITableViewRowActionUITests.swift */ = {isa = PBXFileReference; lastKnownFileType = sourcecode.swift; path = UITableViewSample01_UITableViewRowActionUITests.swift; sourceTree = "<group>"; };
		A88058D12276D0B900929FE4 /* Info.plist */ = {isa = PBXFileReference; lastKnownFileType = text.plist.xml; path = Info.plist; sourceTree = "<group>"; };
		A88058DE2276D22A00929FE4 /* MainTabBarController.swift */ = {isa = PBXFileReference; lastKnownFileType = sourcecode.swift; path = MainTabBarController.swift; sourceTree = "<group>"; };
		A88058E22276DA1500929FE4 /* ListViewController.swift */ = {isa = PBXFileReference; lastKnownFileType = sourcecode.swift; path = ListViewController.swift; sourceTree = "<group>"; };
		A88058E42276DA2100929FE4 /* ConfigViewController.swift */ = {isa = PBXFileReference; lastKnownFileType = sourcecode.swift; path = ConfigViewController.swift; sourceTree = "<group>"; };
		A88058E72276DE6B00929FE4 /* CustomTableViewCell.swift */ = {isa = PBXFileReference; lastKnownFileType = sourcecode.swift; path = CustomTableViewCell.swift; sourceTree = "<group>"; };
		A88058E82276DE6B00929FE4 /* CustomTableViewCell.xib */ = {isa = PBXFileReference; lastKnownFileType = file.xib; path = CustomTableViewCell.xib; sourceTree = "<group>"; };
		A88058EC2276F12500929FE4 /* Line.swift */ = {isa = PBXFileReference; lastKnownFileType = sourcecode.swift; path = Line.swift; sourceTree = "<group>"; };
		A88058EE2276F3E600929FE4 /* InfoViewController.swift */ = {isa = PBXFileReference; lastKnownFileType = sourcecode.swift; path = InfoViewController.swift; sourceTree = "<group>"; };
/* End PBXFileReference section */

/* Begin PBXFrameworksBuildPhase section */
		A88058A92276D0B200929FE4 /* Frameworks */ = {
			isa = PBXFrameworksBuildPhase;
			buildActionMask = 2147483647;
			files = (
			);
			runOnlyForDeploymentPostprocessing = 0;
		};
		A88058BD2276D0B900929FE4 /* Frameworks */ = {
			isa = PBXFrameworksBuildPhase;
			buildActionMask = 2147483647;
			files = (
			);
			runOnlyForDeploymentPostprocessing = 0;
		};
		A88058C82276D0B900929FE4 /* Frameworks */ = {
			isa = PBXFrameworksBuildPhase;
			buildActionMask = 2147483647;
			files = (
			);
			runOnlyForDeploymentPostprocessing = 0;
		};
/* End PBXFrameworksBuildPhase section */

/* Begin PBXGroup section */
		A88058A32276D0B200929FE4 = {
			isa = PBXGroup;
			children = (
				A88058AE2276D0B200929FE4 /* UITableViewSample01_UITableViewRowAction */,
				A88058C32276D0B900929FE4 /* UITableViewSample01_UITableViewRowActionTests */,
				A88058CE2276D0B900929FE4 /* UITableViewSample01_UITableViewRowActionUITests */,
				A88058AD2276D0B200929FE4 /* Products */,
			);
			sourceTree = "<group>";
		};
		A88058AD2276D0B200929FE4 /* Products */ = {
			isa = PBXGroup;
			children = (
				A88058AC2276D0B200929FE4 /* UITableViewSample01_UITableViewRowAction.app */,
				A88058C02276D0B900929FE4 /* UITableViewSample01_UITableViewRowActionTests.xctest */,
				A88058CB2276D0B900929FE4 /* UITableViewSample01_UITableViewRowActionUITests.xctest */,
			);
			name = Products;
			sourceTree = "<group>";
		};
		A88058AE2276D0B200929FE4 /* UITableViewSample01_UITableViewRowAction */ = {
			isa = PBXGroup;
			children = (
				A88058DD2276D12500929FE4 /* controllers */,
				A88058E62276DE3600929FE4 /* views */,
				A88058EB2276F10100929FE4 /* models */,
				A88058AF2276D0B200929FE4 /* AppDelegate.swift */,
				A88058B32276D0B200929FE4 /* Main.storyboard */,
				A88058B62276D0B900929FE4 /* Assets.xcassets */,
				A88058B82276D0B900929FE4 /* LaunchScreen.storyboard */,
				A88058BB2276D0B900929FE4 /* Info.plist */,
			);
			path = UITableViewSample01_UITableViewRowAction;
			sourceTree = "<group>";
		};
		A88058C32276D0B900929FE4 /* UITableViewSample01_UITableViewRowActionTests */ = {
			isa = PBXGroup;
			children = (
				A88058C42276D0B900929FE4 /* UITableViewSample01_UITableViewRowActionTests.swift */,
				A88058C62276D0B900929FE4 /* Info.plist */,
			);
			path = UITableViewSample01_UITableViewRowActionTests;
			sourceTree = "<group>";
		};
		A88058CE2276D0B900929FE4 /* UITableViewSample01_UITableViewRowActionUITests */ = {
			isa = PBXGroup;
			children = (
				A88058CF2276D0B900929FE4 /* UITableViewSample01_UITableViewRowActionUITests.swift */,
				A88058D12276D0B900929FE4 /* Info.plist */,
			);
			path = UITableViewSample01_UITableViewRowActionUITests;
			sourceTree = "<group>";
		};
		A88058DD2276D12500929FE4 /* controllers */ = {
			isa = PBXGroup;
			children = (
				A88058DE2276D22A00929FE4 /* MainTabBarController.swift */,
				A88058E22276DA1500929FE4 /* ListViewController.swift */,
				A88058E42276DA2100929FE4 /* ConfigViewController.swift */,
				A88058EE2276F3E600929FE4 /* InfoViewController.swift */,
			);
			path = controllers;
			sourceTree = "<group>";
		};
		A88058E62276DE3600929FE4 /* views */ = {
			isa = PBXGroup;
			children = (
				A88058E72276DE6B00929FE4 /* CustomTableViewCell.swift */,
				A88058E82276DE6B00929FE4 /* CustomTableViewCell.xib */,
			);
			path = views;
			sourceTree = "<group>";
		};
		A88058EB2276F10100929FE4 /* models */ = {
			isa = PBXGroup;
			children = (
				A88058EC2276F12500929FE4 /* Line.swift */,
			);
			path = models;
			sourceTree = "<group>";
		};
/* End PBXGroup section */

/* Begin PBXNativeTarget section */
		A88058AB2276D0B200929FE4 /* UITableViewSample01_UITableViewRowAction */ = {
			isa = PBXNativeTarget;
			buildConfigurationList = A88058D42276D0B900929FE4 /* Build configuration list for PBXNativeTarget "UITableViewSample01_UITableViewRowAction" */;
			buildPhases = (
				A88058A82276D0B200929FE4 /* Sources */,
				A88058A92276D0B200929FE4 /* Frameworks */,
				A88058AA2276D0B200929FE4 /* Resources */,
			);
			buildRules = (
			);
			dependencies = (
			);
			name = UITableViewSample01_UITableViewRowAction;
			productName = UITableViewSample01_UITableViewRowAction;
			productReference = A88058AC2276D0B200929FE4 /* UITableViewSample01_UITableViewRowAction.app */;
			productType = "com.apple.product-type.application";
		};
		A88058BF2276D0B900929FE4 /* UITableViewSample01_UITableViewRowActionTests */ = {
			isa = PBXNativeTarget;
			buildConfigurationList = A88058D72276D0B900929FE4 /* Build configuration list for PBXNativeTarget "UITableViewSample01_UITableViewRowActionTests" */;
			buildPhases = (
				A88058BC2276D0B900929FE4 /* Sources */,
				A88058BD2276D0B900929FE4 /* Frameworks */,
				A88058BE2276D0B900929FE4 /* Resources */,
			);
			buildRules = (
			);
			dependencies = (
				A88058C22276D0B900929FE4 /* PBXTargetDependency */,
			);
			name = UITableViewSample01_UITableViewRowActionTests;
			productName = UITableViewSample01_UITableViewRowActionTests;
			productReference = A88058C02276D0B900929FE4 /* UITableViewSample01_UITableViewRowActionTests.xctest */;
			productType = "com.apple.product-type.bundle.unit-test";
		};
		A88058CA2276D0B900929FE4 /* UITableViewSample01_UITableViewRowActionUITests */ = {
			isa = PBXNativeTarget;
			buildConfigurationList = A88058DA2276D0B900929FE4 /* Build configuration list for PBXNativeTarget "UITableViewSample01_UITableViewRowActionUITests" */;
			buildPhases = (
				A88058C72276D0B900929FE4 /* Sources */,
				A88058C82276D0B900929FE4 /* Frameworks */,
				A88058C92276D0B900929FE4 /* Resources */,
			);
			buildRules = (
			);
			dependencies = (
				A88058CD2276D0B900929FE4 /* PBXTargetDependency */,
			);
			name = UITableViewSample01_UITableViewRowActionUITests;
			productName = UITableViewSample01_UITableViewRowActionUITests;
			productReference = A88058CB2276D0B900929FE4 /* UITableViewSample01_UITableViewRowActionUITests.xctest */;
			productType = "com.apple.product-type.bundle.ui-testing";
		};
/* End PBXNativeTarget section */

/* Begin PBXProject section */
		A88058A42276D0B200929FE4 /* Project object */ = {
			isa = PBXProject;
			attributes = {
				LastSwiftUpdateCheck = 1020;
				LastUpgradeCheck = 1020;
				ORGANIZATIONNAME = "shigeki yamamoto";
				TargetAttributes = {
					A88058AB2276D0B200929FE4 = {
						CreatedOnToolsVersion = 10.2.1;
					};
					A88058BF2276D0B900929FE4 = {
						CreatedOnToolsVersion = 10.2.1;
						TestTargetID = A88058AB2276D0B200929FE4;
					};
					A88058CA2276D0B900929FE4 = {
						CreatedOnToolsVersion = 10.2.1;
						TestTargetID = A88058AB2276D0B200929FE4;
					};
				};
			};
			buildConfigurationList = A88058A72276D0B200929FE4 /* Build configuration list for PBXProject "UITableViewSample01_UITableViewRowAction" */;
			compatibilityVersion = "Xcode 9.3";
			developmentRegion = en;
			hasScannedForEncodings = 0;
			knownRegions = (
				en,
				Base,
			);
			mainGroup = A88058A32276D0B200929FE4;
			productRefGroup = A88058AD2276D0B200929FE4 /* Products */;
			projectDirPath = "";
			projectRoot = "";
			targets = (
				A88058AB2276D0B200929FE4 /* UITableViewSample01_UITableViewRowAction */,
				A88058BF2276D0B900929FE4 /* UITableViewSample01_UITableViewRowActionTests */,
				A88058CA2276D0B900929FE4 /* UITableViewSample01_UITableViewRowActionUITests */,
			);
		};
/* End PBXProject section */

/* Begin PBXResourcesBuildPhase section */
		A88058AA2276D0B200929FE4 /* Resources */ = {
			isa = PBXResourcesBuildPhase;
			buildActionMask = 2147483647;
			files = (
				A88058BA2276D0B900929FE4 /* LaunchScreen.storyboard in Resources */,
				A88058B72276D0B900929FE4 /* Assets.xcassets in Resources */,
				A88058EA2276DE6B00929FE4 /* CustomTableViewCell.xib in Resources */,
				A88058B52276D0B200929FE4 /* Main.storyboard in Resources */,
			);
			runOnlyForDeploymentPostprocessing = 0;
		};
		A88058BE2276D0B900929FE4 /* Resources */ = {
			isa = PBXResourcesBuildPhase;
			buildActionMask = 2147483647;
			files = (
			);
			runOnlyForDeploymentPostprocessing = 0;
		};
		A88058C92276D0B900929FE4 /* Resources */ = {
			isa = PBXResourcesBuildPhase;
			buildActionMask = 2147483647;
			files = (
			);
			runOnlyForDeploymentPostprocessing = 0;
		};
/* End PBXResourcesBuildPhase section */

/* Begin PBXSourcesBuildPhase section */
		A88058A82276D0B200929FE4 /* Sources */ = {
			isa = PBXSourcesBuildPhase;
			buildActionMask = 2147483647;
			files = (
				A88058DF2276D22A00929FE4 /* MainTabBarController.swift in Sources */,
				A88058E92276DE6B00929FE4 /* CustomTableViewCell.swift in Sources */,
				A88058B02276D0B200929FE4 /* AppDelegate.swift in Sources */,
				A88058EF2276F3E600929FE4 /* InfoViewController.swift in Sources */,
				A88058ED2276F12500929FE4 /* Line.swift in Sources */,
				A88058E52276DA2100929FE4 /* ConfigViewController.swift in Sources */,
				A88058E32276DA1500929FE4 /* ListViewController.swift in Sources */,
			);
			runOnlyForDeploymentPostprocessing = 0;
		};
		A88058BC2276D0B900929FE4 /* Sources */ = {
			isa = PBXSourcesBuildPhase;
			buildActionMask = 2147483647;
			files = (
				A88058C52276D0B900929FE4 /* UITableViewSample01_UITableViewRowActionTests.swift in Sources */,
			);
			runOnlyForDeploymentPostprocessing = 0;
		};
		A88058C72276D0B900929FE4 /* Sources */ = {
			isa = PBXSourcesBuildPhase;
			buildActionMask = 2147483647;
			files = (
				A88058D02276D0B900929FE4 /* UITableViewSample01_UITableViewRowActionUITests.swift in Sources */,
			);
			runOnlyForDeploymentPostprocessing = 0;
		};
/* End PBXSourcesBuildPhase section */

/* Begin PBXTargetDependency section */
		A88058C22276D0B900929FE4 /* PBXTargetDependency */ = {
			isa = PBXTargetDependency;
			target = A88058AB2276D0B200929FE4 /* UITableViewSample01_UITableViewRowAction */;
			targetProxy = A88058C12276D0B900929FE4 /* PBXContainerItemProxy */;
		};
		A88058CD2276D0B900929FE4 /* PBXTargetDependency */ = {
			isa = PBXTargetDependency;
			target = A88058AB2276D0B200929FE4 /* UITableViewSample01_UITableViewRowAction */;
			targetProxy = A88058CC2276D0B900929FE4 /* PBXContainerItemProxy */;
		};
/* End PBXTargetDependency section */

/* Begin PBXVariantGroup section */
		A88058B32276D0B200929FE4 /* Main.storyboard */ = {
			isa = PBXVariantGroup;
			children = (
				A88058B42276D0B200929FE4 /* Base */,
			);
			name = Main.storyboard;
			sourceTree = "<group>";
		};
		A88058B82276D0B900929FE4 /* LaunchScreen.storyboard */ = {
			isa = PBXVariantGroup;
			children = (
				A88058B92276D0B900929FE4 /* Base */,
			);
			name = LaunchScreen.storyboard;
			sourceTree = "<group>";
		};
/* End PBXVariantGroup section */

/* Begin XCBuildConfiguration section */
		A88058D22276D0B900929FE4 /* Debug */ = {
			isa = XCBuildConfiguration;
			buildSettings = {
				ALWAYS_SEARCH_USER_PATHS = NO;
				CLANG_ANALYZER_NONNULL = YES;
				CLANG_ANALYZER_NUMBER_OBJECT_CONVERSION = YES_AGGRESSIVE;
				CLANG_CXX_LANGUAGE_STANDARD = "gnu++14";
				CLANG_CXX_LIBRARY = "libc++";
				CLANG_ENABLE_MODULES = YES;
				CLANG_ENABLE_OBJC_ARC = YES;
				CLANG_ENABLE_OBJC_WEAK = YES;
				CLANG_WARN_BLOCK_CAPTURE_AUTORELEASING = YES;
				CLANG_WARN_BOOL_CONVERSION = YES;
				CLANG_WARN_COMMA = YES;
				CLANG_WARN_CONSTANT_CONVERSION = YES;
				CLANG_WARN_DEPRECATED_OBJC_IMPLEMENTATIONS = YES;
				CLANG_WARN_DIRECT_OBJC_ISA_USAGE = YES_ERROR;
				CLANG_WARN_DOCUMENTATION_COMMENTS = YES;
				CLANG_WARN_EMPTY_BODY = YES;
				CLANG_WARN_ENUM_CONVERSION = YES;
				CLANG_WARN_INFINITE_RECURSION = YES;
				CLANG_WARN_INT_CONVERSION = YES;
				CLANG_WARN_NON_LITERAL_NULL_CONVERSION = YES;
				CLANG_WARN_OBJC_IMPLICIT_RETAIN_SELF = YES;
				CLANG_WARN_OBJC_LITERAL_CONVERSION = YES;
				CLANG_WARN_OBJC_ROOT_CLASS = YES_ERROR;
				CLANG_WARN_RANGE_LOOP_ANALYSIS = YES;
				CLANG_WARN_STRICT_PROTOTYPES = YES;
				CLANG_WARN_SUSPICIOUS_MOVE = YES;
				CLANG_WARN_UNGUARDED_AVAILABILITY = YES_AGGRESSIVE;
				CLANG_WARN_UNREACHABLE_CODE = YES;
				CLANG_WARN__DUPLICATE_METHOD_MATCH = YES;
				CODE_SIGN_IDENTITY = "iPhone Developer";
				COPY_PHASE_STRIP = NO;
				DEBUG_INFORMATION_FORMAT = dwarf;
				ENABLE_STRICT_OBJC_MSGSEND = YES;
				ENABLE_TESTABILITY = YES;
				GCC_C_LANGUAGE_STANDARD = gnu11;
				GCC_DYNAMIC_NO_PIC = NO;
				GCC_NO_COMMON_BLOCKS = YES;
				GCC_OPTIMIZATION_LEVEL = 0;
				GCC_PREPROCESSOR_DEFINITIONS = (
					"DEBUG=1",
					"$(inherited)",
				);
				GCC_WARN_64_TO_32_BIT_CONVERSION = YES;
				GCC_WARN_ABOUT_RETURN_TYPE = YES_ERROR;
				GCC_WARN_UNDECLARED_SELECTOR = YES;
				GCC_WARN_UNINITIALIZED_AUTOS = YES_AGGRESSIVE;
				GCC_WARN_UNUSED_FUNCTION = YES;
				GCC_WARN_UNUSED_VARIABLE = YES;
				IPHONEOS_DEPLOYMENT_TARGET = 12.2;
				MTL_ENABLE_DEBUG_INFO = INCLUDE_SOURCE;
				MTL_FAST_MATH = YES;
				ONLY_ACTIVE_ARCH = YES;
				SDKROOT = iphoneos;
				SWIFT_ACTIVE_COMPILATION_CONDITIONS = DEBUG;
				SWIFT_OPTIMIZATION_LEVEL = "-Onone";
			};
			name = Debug;
		};
		A88058D32276D0B900929FE4 /* Release */ = {
			isa = XCBuildConfiguration;
			buildSettings = {
				ALWAYS_SEARCH_USER_PATHS = NO;
				CLANG_ANALYZER_NONNULL = YES;
				CLANG_ANALYZER_NUMBER_OBJECT_CONVERSION = YES_AGGRESSIVE;
				CLANG_CXX_LANGUAGE_STANDARD = "gnu++14";
				CLANG_CXX_LIBRARY = "libc++";
				CLANG_ENABLE_MODULES = YES;
				CLANG_ENABLE_OBJC_ARC = YES;
				CLANG_ENABLE_OBJC_WEAK = YES;
				CLANG_WARN_BLOCK_CAPTURE_AUTORELEASING = YES;
				CLANG_WARN_BOOL_CONVERSION = YES;
				CLANG_WARN_COMMA = YES;
				CLANG_WARN_CONSTANT_CONVERSION = YES;
				CLANG_WARN_DEPRECATED_OBJC_IMPLEMENTATIONS = YES;
				CLANG_WARN_DIRECT_OBJC_ISA_USAGE = YES_ERROR;
				CLANG_WARN_DOCUMENTATION_COMMENTS = YES;
				CLANG_WARN_EMPTY_BODY = YES;
				CLANG_WARN_ENUM_CONVERSION = YES;
				CLANG_WARN_INFINITE_RECURSION = YES;
				CLANG_WARN_INT_CONVERSION = YES;
				CLANG_WARN_NON_LITERAL_NULL_CONVERSION = YES;
				CLANG_WARN_OBJC_IMPLICIT_RETAIN_SELF = YES;
				CLANG_WARN_OBJC_LITERAL_CONVERSION = YES;
				CLANG_WARN_OBJC_ROOT_CLASS = YES_ERROR;
				CLANG_WARN_RANGE_LOOP_ANALYSIS = YES;
				CLANG_WARN_STRICT_PROTOTYPES = YES;
				CLANG_WARN_SUSPICIOUS_MOVE = YES;
				CLANG_WARN_UNGUARDED_AVAILABILITY = YES_AGGRESSIVE;
				CLANG_WARN_UNREACHABLE_CODE = YES;
				CLANG_WARN__DUPLICATE_METHOD_MATCH = YES;
				CODE_SIGN_IDENTITY = "iPhone Developer";
				COPY_PHASE_STRIP = NO;
				DEBUG_INFORMATION_FORMAT = "dwarf-with-dsym";
				ENABLE_NS_ASSERTIONS = NO;
				ENABLE_STRICT_OBJC_MSGSEND = YES;
				GCC_C_LANGUAGE_STANDARD = gnu11;
				GCC_NO_COMMON_BLOCKS = YES;
				GCC_WARN_64_TO_32_BIT_CONVERSION = YES;
				GCC_WARN_ABOUT_RETURN_TYPE = YES_ERROR;
				GCC_WARN_UNDECLARED_SELECTOR = YES;
				GCC_WARN_UNINITIALIZED_AUTOS = YES_AGGRESSIVE;
				GCC_WARN_UNUSED_FUNCTION = YES;
				GCC_WARN_UNUSED_VARIABLE = YES;
				IPHONEOS_DEPLOYMENT_TARGET = 12.2;
				MTL_ENABLE_DEBUG_INFO = NO;
				MTL_FAST_MATH = YES;
				SDKROOT = iphoneos;
				SWIFT_COMPILATION_MODE = wholemodule;
				SWIFT_OPTIMIZATION_LEVEL = "-O";
				VALIDATE_PRODUCT = YES;
			};
			name = Release;
		};
		A88058D52276D0B900929FE4 /* Debug */ = {
			isa = XCBuildConfiguration;
			buildSettings = {
				ASSETCATALOG_COMPILER_APPICON_NAME = AppIcon;
				CODE_SIGN_STYLE = Automatic;
				DEVELOPMENT_TEAM = 464QJ95VK2;
				INFOPLIST_FILE = UITableViewSample01_UITableViewRowAction/Info.plist;
				LD_RUNPATH_SEARCH_PATHS = (
					"$(inherited)",
					"@executable_path/Frameworks",
				);
				PRODUCT_BUNDLE_IDENTIFIER = "com.battraction.UITableViewSample01-UITableViewRowAction";
				PRODUCT_NAME = "$(TARGET_NAME)";
				SWIFT_VERSION = 5.0;
				TARGETED_DEVICE_FAMILY = "1,2";
			};
			name = Debug;
		};
		A88058D62276D0B900929FE4 /* Release */ = {
			isa = XCBuildConfiguration;
			buildSettings = {
				ASSETCATALOG_COMPILER_APPICON_NAME = AppIcon;
				CODE_SIGN_STYLE = Automatic;
				DEVELOPMENT_TEAM = 464QJ95VK2;
				INFOPLIST_FILE = UITableViewSample01_UITableViewRowAction/Info.plist;
				LD_RUNPATH_SEARCH_PATHS = (
					"$(inherited)",
					"@executable_path/Frameworks",
				);
				PRODUCT_BUNDLE_IDENTIFIER = "com.battraction.UITableViewSample01-UITableViewRowAction";
				PRODUCT_NAME = "$(TARGET_NAME)";
				SWIFT_VERSION = 5.0;
				TARGETED_DEVICE_FAMILY = "1,2";
			};
			name = Release;
		};
		A88058D82276D0B900929FE4 /* Debug */ = {
			isa = XCBuildConfiguration;
			buildSettings = {
				ALWAYS_EMBED_SWIFT_STANDARD_LIBRARIES = YES;
				BUNDLE_LOADER = "$(TEST_HOST)";
				CODE_SIGN_STYLE = Automatic;
				DEVELOPMENT_TEAM = 464QJ95VK2;
				INFOPLIST_FILE = UITableViewSample01_UITableViewRowActionTests/Info.plist;
				LD_RUNPATH_SEARCH_PATHS = (
					"$(inherited)",
					"@executable_path/Frameworks",
					"@loader_path/Frameworks",
				);
				PRODUCT_BUNDLE_IDENTIFIER = "com.battraction.UITableViewSample01-UITableViewRowActionTests";
				PRODUCT_NAME = "$(TARGET_NAME)";
				SWIFT_VERSION = 5.0;
				TARGETED_DEVICE_FAMILY = "1,2";
				TEST_HOST = "$(BUILT_PRODUCTS_DIR)/UITableViewSample01_UITableViewRowAction.app/UITableViewSample01_UITableViewRowAction";
			};
			name = Debug;
		};
		A88058D92276D0B900929FE4 /* Release */ = {
			isa = XCBuildConfiguration;
			buildSettings = {
				ALWAYS_EMBED_SWIFT_STANDARD_LIBRARIES = YES;
				BUNDLE_LOADER = "$(TEST_HOST)";
				CODE_SIGN_STYLE = Automatic;
				DEVELOPMENT_TEAM = 464QJ95VK2;
				INFOPLIST_FILE = UITableViewSample01_UITableViewRowActionTests/Info.plist;
				LD_RUNPATH_SEARCH_PATHS = (
					"$(inherited)",
					"@executable_path/Frameworks",
					"@loader_path/Frameworks",
				);
				PRODUCT_BUNDLE_IDENTIFIER = "com.battraction.UITableViewSample01-UITableViewRowActionTests";
				PRODUCT_NAME = "$(TARGET_NAME)";
				SWIFT_VERSION = 5.0;
				TARGETED_DEVICE_FAMILY = "1,2";
				TEST_HOST = "$(BUILT_PRODUCTS_DIR)/UITableViewSample01_UITableViewRowAction.app/UITableViewSample01_UITableViewRowAction";
			};
			name = Release;
		};
		A88058DB2276D0B900929FE4 /* Debug */ = {
			isa = XCBuildConfiguration;
			buildSettings = {
				ALWAYS_EMBED_SWIFT_STANDARD_LIBRARIES = YES;
				CODE_SIGN_STYLE = Automatic;
				DEVELOPMENT_TEAM = 464QJ95VK2;
				INFOPLIST_FILE = UITableViewSample01_UITableViewRowActionUITests/Info.plist;
				LD_RUNPATH_SEARCH_PATHS = (
					"$(inherited)",
					"@executable_path/Frameworks",
					"@loader_path/Frameworks",
				);
				PRODUCT_BUNDLE_IDENTIFIER = "com.battraction.UITableViewSample01-UITableViewRowActionUITests";
				PRODUCT_NAME = "$(TARGET_NAME)";
				SWIFT_VERSION = 5.0;
				TARGETED_DEVICE_FAMILY = "1,2";
				TEST_TARGET_NAME = UITableViewSample01_UITableViewRowAction;
			};
			name = Debug;
		};
		A88058DC2276D0B900929FE4 /* Release */ = {
			isa = XCBuildConfiguration;
			buildSettings = {
				ALWAYS_EMBED_SWIFT_STANDARD_LIBRARIES = YES;
				CODE_SIGN_STYLE = Automatic;
				DEVELOPMENT_TEAM = 464QJ95VK2;
				INFOPLIST_FILE = UITableViewSample01_UITableViewRowActionUITests/Info.plist;
				LD_RUNPATH_SEARCH_PATHS = (
					"$(inherited)",
					"@executable_path/Frameworks",
					"@loader_path/Frameworks",
				);
				PRODUCT_BUNDLE_IDENTIFIER = "com.battraction.UITableViewSample01-UITableViewRowActionUITests";
				PRODUCT_NAME = "$(TARGET_NAME)";
				SWIFT_VERSION = 5.0;
				TARGETED_DEVICE_FAMILY = "1,2";
				TEST_TARGET_NAME = UITableViewSample01_UITableViewRowAction;
			};
			name = Release;
		};
/* End XCBuildConfiguration section */

/* Begin XCConfigurationList section */
		A88058A72276D0B200929FE4 /* Build configuration list for PBXProject "UITableViewSample01_UITableViewRowAction" */ = {
			isa = XCConfigurationList;
			buildConfigurations = (
				A88058D22276D0B900929FE4 /* Debug */,
				A88058D32276D0B900929FE4 /* Release */,
			);
			defaultConfigurationIsVisible = 0;
			defaultConfigurationName = Release;
		};
		A88058D42276D0B900929FE4 /* Build configuration list for PBXNativeTarget "UITableViewSample01_UITableViewRowAction" */ = {
			isa = XCConfigurationList;
			buildConfigurations = (
				A88058D52276D0B900929FE4 /* Debug */,
				A88058D62276D0B900929FE4 /* Release */,
			);
			defaultConfigurationIsVisible = 0;
			defaultConfigurationName = Release;
		};
		A88058D72276D0B900929FE4 /* Build configuration list for PBXNativeTarget "UITableViewSample01_UITableViewRowActionTests" */ = {
			isa = XCConfigurationList;
			buildConfigurations = (
				A88058D82276D0B900929FE4 /* Debug */,
				A88058D92276D0B900929FE4 /* Release */,
			);
			defaultConfigurationIsVisible = 0;
			defaultConfigurationName = Release;
		};
		A88058DA2276D0B900929FE4 /* Build configuration list for PBXNativeTarget "UITableViewSample01_UITableViewRowActionUITests" */ = {
			isa = XCConfigurationList;
			buildConfigurations = (
				A88058DB2276D0B900929FE4 /* Debug */,
				A88058DC2276D0B900929FE4 /* Release */,
			);
			defaultConfigurationIsVisible = 0;
			defaultConfigurationName = Release;
		};
/* End XCConfigurationList section */
	};
	rootObject = A88058A42276D0B200929FE4 /* Project object */;
}
